{
  "name": "cdp-mapping-systems",
  "lockfileVersion": 3,
  "requires": true,
  "packages": {
    "": {
      "dependencies": {
        "myst": "^0.0.1-alpha",
        "mystmd": "^1.4.0"
      }
    },
    "node_modules/amdefine": {
      "version": "1.0.1",
      "resolved": "https://registry.npmjs.org/amdefine/-/amdefine-1.0.1.tgz",
      "integrity": "sha512-S2Hw0TtNkMJhIabBwIojKL9YHO5T0n5eNqWJ7Lrlel/zDbftQpxpapi8tZs3X1HWa+u+QeydGmzzNU0m09+Rcg==",
      "license": "BSD-3-Clause OR MIT",
      "engines": {
        "node": ">=0.4.2"
      }
    },
    "node_modules/ansi-styles": {
      "version": "1.0.0",
      "resolved": "https://registry.npmjs.org/ansi-styles/-/ansi-styles-1.0.0.tgz",
      "integrity": "sha512-3iF4FIKdxaVYT3JqQuY3Wat/T2t7TRbbQ94Fu50ZUCbLy4TFbTzr90NOHQodQkNqmeEGCw8WbeP78WNi6SKYUA==",
      "license": "MIT",
      "engines": {
        "node": ">=0.8.0"
      }
    },
    "node_modules/chalk": {
      "version": "0.4.0",
      "resolved": "https://registry.npmjs.org/chalk/-/chalk-0.4.0.tgz",
      "integrity": "sha512-sQfYDlfv2DGVtjdoQqxS0cEZDroyG8h6TamA6rvxwlrU5BaSLDx9xhatBYl2pxZ7gmpNaPFVwBtdGdu5rQ+tYQ==",
      "license": "MIT",
      "dependencies": {
        "ansi-styles": "~1.0.0",
        "has-color": "~0.1.0",
        "strip-ansi": "~0.1.0"
      },
      "engines": {
        "node": ">=0.8.0"
      }
    },
    "node_modules/cjson": {
      "version": "0.3.0",
      "resolved": "https://registry.npmjs.org/cjson/-/cjson-0.3.0.tgz",
      "integrity": "sha512-bBRQcCIHzI1IVH59fR0bwGrFmi3Btb/JNwM/n401i1DnYgWndpsUBiQRAddLflkZage20A2d25OAWZZk0vBRlA==",
      "dependencies": {
        "jsonlint": "1.6.0"
      },
      "engines": {
        "node": ">= 0.3.0"
      }
    },
    "node_modules/colors": {
      "version": "0.5.1",
      "resolved": "https://registry.npmjs.org/colors/-/colors-0.5.1.tgz",
      "integrity": "sha512-XjsuUwpDeY98+yz959OlUK6m7mLBM+1MEG5oaenfuQnNnrQk1WvtcvFgN3FNDP3f2NmZ211t0mNEfSEN1h0eIg==",
      "engines": {
        "node": ">=0.1.90"
      }
    },
    "node_modules/deep-is": {
      "version": "0.1.4",
      "resolved": "https://registry.npmjs.org/deep-is/-/deep-is-0.1.4.tgz",
      "integrity": "sha512-oIPzksmTg4/MriiaYGO+okXDT7ztn/w3Eptv/+gSIdMdKsJo0u4CfYNFJPy+4SKMuCqGw2wxnA+URMg3t8a/bQ==",
      "license": "MIT"
    },
    "node_modules/ebnf-parser": {
      "version": "0.1.10",
      "resolved": "https://registry.npmjs.org/ebnf-parser/-/ebnf-parser-0.1.10.tgz",
      "integrity": "sha512-urvSxVQ6XJcoTpc+/x2pWhhuOX4aljCNQpwzw+ifZvV1andZkAmiJc3Rq1oGEAQmcjiLceyMXOy1l8ms8qs2fQ==",
      "license": "MIT"
    },
    "node_modules/escodegen": {
      "version": "1.14.3",
      "resolved": "https://registry.npmjs.org/escodegen/-/escodegen-1.14.3.tgz",
      "integrity": "sha512-qFcX0XJkdg+PB3xjZZG/wKSuT1PnQWx57+TVSjIMmILd2yC/6ByYElPwJnslDsuWuSAp4AwJGumarAAmJch5Kw==",
      "license": "BSD-2-Clause",
      "dependencies": {
        "esprima": "^4.0.1",
        "estraverse": "^4.2.0",
        "esutils": "^2.0.2",
        "optionator": "^0.8.1"
      },
      "bin": {
        "escodegen": "bin/escodegen.js",
        "esgenerate": "bin/esgenerate.js"
      },
      "engines": {
        "node": ">=4.0"
      },
      "optionalDependencies": {
        "source-map": "~0.6.1"
      }
    },
    "node_modules/escope": {
      "version": "1.0.3",
      "resolved": "https://registry.npmjs.org/escope/-/escope-1.0.3.tgz",
      "integrity": "sha512-PgST3E92KAnuUX/4PXwpE9RI8jubyyTGIN73mfhl0XP4H+hiA7JqvhXNfffs+naSk41Eipq/klcmoGsCrjxPlQ==",
      "dependencies": {
        "estraverse": "^2.0.0"
      },
      "engines": {
        "node": ">=0.4.0"
      }
    },
    "node_modules/escope/node_modules/estraverse": {
      "version": "2.0.0",
      "resolved": "https://registry.npmjs.org/estraverse/-/estraverse-2.0.0.tgz",
      "integrity": "sha512-3liNs3aDBUmf9Hl3YRLqz7Zop0iiTxWaa/ayuxoVS441zjjTPowZJ/uH3y5yhPcXmrLj2rS6Pvu7tfOC7kT61A==",
      "engines": {
        "node": ">=0.10.0"
      }
    },
    "node_modules/esmangle": {
      "version": "1.0.1",
      "resolved": "https://registry.npmjs.org/esmangle/-/esmangle-1.0.1.tgz",
      "integrity": "sha512-+vgj0CirCf7fiZ5Cy1VH7ZovC1qh42mB6GBVN3cxLwZgY1CqIvu9xOdDW8il8Y8ym+fiFLCM3crZFku8rBNLOA==",
      "dependencies": {
        "escodegen": "~1.3.2",
        "escope": "~1.0.1",
        "esprima": "~1.1.1",
        "esshorten": "~1.1.0",
        "estraverse": "~1.5.0",
        "esutils": "~ 1.0.0",
        "optionator": "~0.3.0",
        "source-map": "~0.1.33"
      },
      "bin": {
        "esmangle": "bin/esmangle.js"
      },
      "engines": {
        "node": ">=0.6.0"
      }
    },
    "node_modules/esmangle/node_modules/escodegen": {
      "version": "1.3.3",
      "resolved": "https://registry.npmjs.org/escodegen/-/escodegen-1.3.3.tgz",
      "integrity": "sha512-z9FWgKc48wjMlpzF5ymKS1AF8OIgnKLp9VyN7KbdtyrP/9lndwUFqCtMm+TAJmJf7KJFFYc4cFJfVTTGkKEwsA==",
      "dependencies": {
        "esprima": "~1.1.1",
        "estraverse": "~1.5.0",
        "esutils": "~1.0.0"
      },
      "bin": {
        "escodegen": "bin/escodegen.js",
        "esgenerate": "bin/esgenerate.js"
      },
      "engines": {
        "node": ">=0.10.0"
      },
      "optionalDependencies": {
        "source-map": "~0.1.33"
      }
    },
    "node_modules/esmangle/node_modules/esprima": {
      "version": "1.1.1",
      "resolved": "https://registry.npmjs.org/esprima/-/esprima-1.1.1.tgz",
      "integrity": "sha512-qxxB994/7NtERxgXdFgLHIs9M6bhLXc6qtUmWZ3L8+gTQ9qaoyki2887P2IqAYsoENyr8SUbTutStDniOHSDHg==",
      "bin": {
        "esparse": "bin/esparse.js",
        "esvalidate": "bin/esvalidate.js"
      },
      "engines": {
        "node": ">=0.4.0"
      }
    },
    "node_modules/esmangle/node_modules/estraverse": {
      "version": "1.5.1",
      "resolved": "https://registry.npmjs.org/estraverse/-/estraverse-1.5.1.tgz",
      "integrity": "sha512-FpCjJDfmo3vsc/1zKSeqR5k42tcIhxFIlvq+h9j0fO2q/h2uLKyweq7rYJ+0CoVvrGQOxIS5wyBrW/+vF58BUQ==",
      "engines": {
        "node": ">=0.4.0"
      }
    },
    "node_modules/esmangle/node_modules/esutils": {
      "version": "1.0.0",
      "resolved": "https://registry.npmjs.org/esutils/-/esutils-1.0.0.tgz",
      "integrity": "sha512-x/iYH53X3quDwfHRz4y8rn4XcEwwCJeWsul9pF1zldMbGtgOtMNBEOuYWwB1EQlK2LRa1fev3YAgym/RElp5Cg==",
      "engines": {
        "node": ">=0.10.0"
      }
    },
    "node_modules/esmangle/node_modules/fast-levenshtein": {
      "version": "1.0.7",
      "resolved": "https://registry.npmjs.org/fast-levenshtein/-/fast-levenshtein-1.0.7.tgz",
      "integrity": "sha512-hYsfI0s4lfQ2rHVFKXwAr/L/ZSbq9TZwgXtZqW7ANcn9o9GKvcbWxOnxx7jykXf/Ezv1V8TvaBEKcGK7DWKX5A==",
      "license": "MIT"
    },
    "node_modules/esmangle/node_modules/levn": {
      "version": "0.2.5",
      "resolved": "https://registry.npmjs.org/levn/-/levn-0.2.5.tgz",
      "integrity": "sha512-mvp+NO++YH0B+e8cC/SvJxk6k5Z9Ngd3iXuz7tmT8vZCyQZj/5SI1GkFOiZGGPkm5wWGI9SUrqiAfPq7BJH+0w==",
      "dependencies": {
        "prelude-ls": "~1.1.0",
        "type-check": "~0.3.1"
      },
      "engines": {
        "node": ">= 0.8.0"
      }
    },
    "node_modules/esmangle/node_modules/optionator": {
      "version": "0.3.0",
      "resolved": "https://registry.npmjs.org/optionator/-/optionator-0.3.0.tgz",
      "integrity": "sha512-qM6AKy0HNNRczFIFciGVSkh6H5yu8kC2hdgqElG8pM6IvQwFYVBd3aUrqjsgZtauuGZr2u/Nf+wLzlZgeCqpSQ==",
      "dependencies": {
        "deep-is": "~0.1.2",
        "fast-levenshtein": "~1.0.0",
        "levn": "~0.2.4",
        "prelude-ls": "~1.1.0",
        "type-check": "~0.3.1",
        "wordwrap": "~0.0.2"
      },
      "engines": {
        "node": ">= 0.8.0"
      }
    },
    "node_modules/esmangle/node_modules/source-map": {
      "version": "0.1.43",
      "resolved": "https://registry.npmjs.org/source-map/-/source-map-0.1.43.tgz",
      "integrity": "sha512-VtCvB9SIQhk3aF6h+N85EaqIaBFIAfZ9Cu+NJHHVvc8BbEcnvDcFw6sqQ2dQrT6SlOrZq3tIvyD9+EGq/lJryQ==",
      "dependencies": {
        "amdefine": ">=0.0.4"
      },
      "engines": {
        "node": ">=0.8.0"
      }
    },
    "node_modules/esprima": {
      "version": "4.0.1",
      "resolved": "https://registry.npmjs.org/esprima/-/esprima-4.0.1.tgz",
      "integrity": "sha512-eGuFFw7Upda+g4p+QHvnW0RyTX/SVeJBDM/gCtMARO0cLuT2HcEKnTPvhjV6aGeqrCB/sbNop0Kszm0jsaWU4A==",
      "license": "BSD-2-Clause",
      "bin": {
        "esparse": "bin/esparse.js",
        "esvalidate": "bin/esvalidate.js"
      },
      "engines": {
        "node": ">=4"
      }
    },
    "node_modules/esshorten": {
      "version": "1.1.1",
      "resolved": "https://registry.npmjs.org/esshorten/-/esshorten-1.1.1.tgz",
      "integrity": "sha512-jvHUQncAuUI/HOzw1a94cGDdgyRUUcVDABU24X2TRb+y4G3ohSllMKjG+ROQVjj5OEVhXYwwsV+OpLOJ63snEA==",
      "dependencies": {
        "escope": "~1.0.1",
        "estraverse": "~4.1.1",
        "esutils": "~2.0.2"
      },
      "engines": {
        "node": ">=0.6.0"
      }
    },
    "node_modules/esshorten/node_modules/estraverse": {
      "version": "4.1.1",
      "resolved": "https://registry.npmjs.org/estraverse/-/estraverse-4.1.1.tgz",
      "integrity": "sha512-r3gEa6vc6lGQdrXfo834EaaqnOzYmik8JPg8VB95acIMZRjqaHI0/WMZFoMBGPtS+HCgylwTLoc4Y5yl0owOHQ==",
      "license": "BSD-2-Clause",
      "engines": {
        "node": ">=0.10.0"
      }
    },
    "node_modules/estraverse": {
      "version": "4.3.0",
      "resolved": "https://registry.npmjs.org/estraverse/-/estraverse-4.3.0.tgz",
      "integrity": "sha512-39nnKffWz8xN1BU/2c79n9nB9HDzo0niYUqx6xyqUnyoAnQyyWpOTdZEeiCch8BBu515t4wp9ZmgVfVhn9EBpw==",
      "license": "BSD-2-Clause",
      "engines": {
        "node": ">=4.0"
      }
    },
    "node_modules/esutils": {
      "version": "2.0.3",
      "resolved": "https://registry.npmjs.org/esutils/-/esutils-2.0.3.tgz",
      "integrity": "sha512-kVscqXk4OCp68SZ0dkgEKVi6/8ij300KBWTJq32P/dYeWTSwK41WyTxalN1eRmA5Z9UU/LX9D7FWSmV9SAYx6g==",
      "license": "BSD-2-Clause",
      "engines": {
        "node": ">=0.10.0"
      }
    },
    "node_modules/fast-levenshtein": {
      "version": "2.0.6",
      "resolved": "https://registry.npmjs.org/fast-levenshtein/-/fast-levenshtein-2.0.6.tgz",
      "integrity": "sha512-DCXu6Ifhqcks7TZKY3Hxp3y6qphY5SJZmrWMDrKcERSOXWQdMhU9Ig/PYrzyw/ul9jOIyh0N4M0tbC5hodg8dw==",
      "license": "MIT"
    },
    "node_modules/has-color": {
      "version": "0.1.7",
      "resolved": "https://registry.npmjs.org/has-color/-/has-color-0.1.7.tgz",
      "integrity": "sha512-kaNz5OTAYYmt646Hkqw50/qyxP2vFnTVu5AQ1Zmk22Kk5+4Qx6BpO8+u7IKsML5fOsFk0ZT0AcCJNYwcvaLBvw==",
      "license": "MIT",
      "engines": {
        "node": ">=0.10.0"
      }
    },
    "node_modules/immutable": {
      "version": "2.6.2",
      "resolved": "https://registry.npmjs.org/immutable/-/immutable-2.6.2.tgz",
      "integrity": "sha512-7xnAW8Fm+X4D+Q2OgIz4VXBslTJLmgapdb5Jz37+A6arS39LUk5jWbOJz2pAp2BJTdsKlt3Lxo6a7I/ItonL6A==",
      "license": "BSD",
      "engines": {
        "node": ">=0.8.0"
      }
    },
    "node_modules/jison": {
      "version": "0.4.18",
      "resolved": "https://registry.npmjs.org/jison/-/jison-0.4.18.tgz",
      "integrity": "sha512-FKkCiJvozgC7VTHhMJ00a0/IApSxhlGsFIshLW6trWJ8ONX2TQJBBz6DlcO1Gffy4w9LT+uL+PA+CVnUSJMF7w==",
      "license": "MIT",
      "dependencies": {
        "cjson": "0.3.0",
        "ebnf-parser": "0.1.10",
        "escodegen": "1.3.x",
        "esprima": "1.1.x",
        "jison-lex": "0.3.x",
        "JSONSelect": "0.4.0",
        "lex-parser": "~0.1.3",
        "nomnom": "1.5.2"
      },
      "bin": {
        "jison": "lib/cli.js"
      },
      "engines": {
        "node": ">=0.4"
      }
    },
    "node_modules/jison-lex": {
      "version": "0.3.4",
      "resolved": "https://registry.npmjs.org/jison-lex/-/jison-lex-0.3.4.tgz",
      "integrity": "sha512-EBh5wrXhls1cUwROd5DcDHR1sG7CdsCFSqY1027+YA1RGxz+BX2TDLAhdsQf40YEtFDGoiO0Qm8PpnBl2EzDJw==",
      "dependencies": {
        "lex-parser": "0.1.x",
        "nomnom": "1.5.2"
      },
      "bin": {
        "jison-lex": "cli.js"
      },
      "engines": {
        "node": ">=0.4"
      }
    },
    "node_modules/jison-lex/node_modules/nomnom": {
      "version": "1.5.2",
      "resolved": "https://registry.npmjs.org/nomnom/-/nomnom-1.5.2.tgz",
      "integrity": "sha512-fiVbT7BqxiQqjlR9U3FDGOSERFCKoXVCdxV2FwZuNN7/cmJ42iQx35nUFOAFDcyvemu9Adp+IlsCGlKQYLmBKw==",
      "deprecated": "Package no longer supported. Contact support@npmjs.com for more info.",
      "dependencies": {
        "colors": "0.5.x",
        "underscore": "1.1.x"
      },
      "engines": {
        "node": "*"
      }
    },
    "node_modules/jison-lex/node_modules/underscore": {
      "version": "1.1.7",
      "resolved": "https://registry.npmjs.org/underscore/-/underscore-1.1.7.tgz",
      "integrity": "sha512-w4QtCHoLBXw1mjofIDoMyexaEdWGMedWNDhlWTtT1V1lCRqi65Pnoygkh6+WRdr+Bm8ldkBNkNeCsXGMlQS9HQ==",
      "engines": {
        "node": "*"
      }
    },
    "node_modules/jison/node_modules/escodegen": {
      "version": "1.3.3",
      "resolved": "https://registry.npmjs.org/escodegen/-/escodegen-1.3.3.tgz",
      "integrity": "sha512-z9FWgKc48wjMlpzF5ymKS1AF8OIgnKLp9VyN7KbdtyrP/9lndwUFqCtMm+TAJmJf7KJFFYc4cFJfVTTGkKEwsA==",
      "dependencies": {
        "esprima": "~1.1.1",
        "estraverse": "~1.5.0",
        "esutils": "~1.0.0"
      },
      "bin": {
        "escodegen": "bin/escodegen.js",
        "esgenerate": "bin/esgenerate.js"
      },
      "engines": {
        "node": ">=0.10.0"
      },
      "optionalDependencies": {
        "source-map": "~0.1.33"
      }
    },
    "node_modules/jison/node_modules/esprima": {
      "version": "1.1.1",
      "resolved": "https://registry.npmjs.org/esprima/-/esprima-1.1.1.tgz",
      "integrity": "sha512-qxxB994/7NtERxgXdFgLHIs9M6bhLXc6qtUmWZ3L8+gTQ9qaoyki2887P2IqAYsoENyr8SUbTutStDniOHSDHg==",
      "bin": {
        "esparse": "bin/esparse.js",
        "esvalidate": "bin/esvalidate.js"
      },
      "engines": {
        "node": ">=0.4.0"
      }
    },
    "node_modules/jison/node_modules/estraverse": {
      "version": "1.5.1",
      "resolved": "https://registry.npmjs.org/estraverse/-/estraverse-1.5.1.tgz",
      "integrity": "sha512-FpCjJDfmo3vsc/1zKSeqR5k42tcIhxFIlvq+h9j0fO2q/h2uLKyweq7rYJ+0CoVvrGQOxIS5wyBrW/+vF58BUQ==",
      "engines": {
        "node": ">=0.4.0"
      }
    },
    "node_modules/jison/node_modules/esutils": {
      "version": "1.0.0",
      "resolved": "https://registry.npmjs.org/esutils/-/esutils-1.0.0.tgz",
      "integrity": "sha512-x/iYH53X3quDwfHRz4y8rn4XcEwwCJeWsul9pF1zldMbGtgOtMNBEOuYWwB1EQlK2LRa1fev3YAgym/RElp5Cg==",
      "engines": {
        "node": ">=0.10.0"
      }
    },
    "node_modules/jison/node_modules/nomnom": {
      "version": "1.5.2",
      "resolved": "https://registry.npmjs.org/nomnom/-/nomnom-1.5.2.tgz",
      "integrity": "sha512-fiVbT7BqxiQqjlR9U3FDGOSERFCKoXVCdxV2FwZuNN7/cmJ42iQx35nUFOAFDcyvemu9Adp+IlsCGlKQYLmBKw==",
      "deprecated": "Package no longer supported. Contact support@npmjs.com for more info.",
      "dependencies": {
        "colors": "0.5.x",
        "underscore": "1.1.x"
      },
      "engines": {
        "node": "*"
      }
    },
    "node_modules/jison/node_modules/source-map": {
      "version": "0.1.43",
      "resolved": "https://registry.npmjs.org/source-map/-/source-map-0.1.43.tgz",
      "integrity": "sha512-VtCvB9SIQhk3aF6h+N85EaqIaBFIAfZ9Cu+NJHHVvc8BbEcnvDcFw6sqQ2dQrT6SlOrZq3tIvyD9+EGq/lJryQ==",
      "optional": true,
      "dependencies": {
        "amdefine": ">=0.0.4"
      },
      "engines": {
        "node": ">=0.8.0"
      }
    },
    "node_modules/jison/node_modules/underscore": {
      "version": "1.1.7",
      "resolved": "https://registry.npmjs.org/underscore/-/underscore-1.1.7.tgz",
      "integrity": "sha512-w4QtCHoLBXw1mjofIDoMyexaEdWGMedWNDhlWTtT1V1lCRqi65Pnoygkh6+WRdr+Bm8ldkBNkNeCsXGMlQS9HQ==",
      "engines": {
        "node": "*"
      }
    },
    "node_modules/jsonlint": {
      "version": "1.6.0",
      "resolved": "https://registry.npmjs.org/jsonlint/-/jsonlint-1.6.0.tgz",
      "integrity": "sha512-x6YLBe6NjdpmIeiklwQOxsZuYj/SOWkT33GlTpaG1UdFGjdWjPcxJ1CWZAX3wA7tarz8E2YHF6KiW5HTapPlXw==",
      "dependencies": {
        "JSV": ">= 4.0.x",
        "nomnom": ">= 1.5.x"
      },
      "bin": {
        "jsonlint": "lib/cli.js"
      },
      "engines": {
        "node": ">= 0.6"
      }
    },
    "node_modules/JSONSelect": {
      "version": "0.4.0",
      "resolved": "https://registry.npmjs.org/JSONSelect/-/JSONSelect-0.4.0.tgz",
      "integrity": "sha512-VRLR3Su35MH+XV2lrvh9O7qWoug/TUyj9tLDjn9rtpUCNnILLrHjgd/tB0KrhugCxUpj3UqoLqfYb3fLJdIQQQ==",
      "engines": {
        "node": ">=0.4.7"
      }
    },
    "node_modules/JSV": {
      "version": "4.0.2",
      "resolved": "https://registry.npmjs.org/JSV/-/JSV-4.0.2.tgz",
      "integrity": "sha512-ZJ6wx9xaKJ3yFUhq5/sk82PJMuUyLk277I8mQeyDgCTjGdjWJIvPfaU5LIXaMuaN2UO1X3kZH4+lgphublZUHw==",
      "engines": {
        "node": "*"
      }
    },
    "node_modules/levn": {
      "version": "0.3.0",
      "resolved": "https://registry.npmjs.org/levn/-/levn-0.3.0.tgz",
      "integrity": "sha512-0OO4y2iOHix2W6ujICbKIaEQXvFQHue65vUG3pb5EUomzPI90z9hsA1VsO/dbIIpC53J8gxM9Q4Oho0jrCM/yA==",
      "license": "MIT",
      "dependencies": {
        "prelude-ls": "~1.1.2",
        "type-check": "~0.3.2"
      },
      "engines": {
        "node": ">= 0.8.0"
      }
    },
    "node_modules/lex": {
      "version": "1.7.9",
      "resolved": "https://registry.npmjs.org/lex/-/lex-1.7.9.tgz",
      "integrity": "sha512-vzaalVBmFLnMaedq0QAsBAaXsWahzRpvnIBdBjj7y+7EKTS6lnziU2y/PsU2c6rV5qYj2B5IDw0uNJ9peXD0vw==",
      "deprecated": "Package no longer supported. Contact Support at https://www.npmjs.com/support for more info."
    },
    "node_modules/lex-parser": {
      "version": "0.1.4",
      "resolved": "https://registry.npmjs.org/lex-parser/-/lex-parser-0.1.4.tgz",
      "integrity": "sha512-DuAEISsr1H4LOpmFLkyMc8YStiRWZCO8hMsoXAXSbgyfvs2WQhSt0+/FBv3ZU/JBFZMGcE+FWzEBSzwUU7U27w==",
      "license": "MIT"
    },
    "node_modules/mori": {
      "version": "0.2.9",
      "resolved": "https://registry.npmjs.org/mori/-/mori-0.2.9.tgz",
      "integrity": "sha512-4BabrJaFLWi1harrpbVUn7DoDKo7q12kJGa0D7wzZiwuZ8LHMX9ktKW9ByuUfRiAkQYC4iUpE9HWsJUo10lb3Q==",
      "engines": {
        "node": ">=0.8.22"
      }
    },
    "node_modules/myst": {
      "version": "0.0.1-alpha",
      "resolved": "https://registry.npmjs.org/myst/-/myst-0.0.1-alpha.tgz",
      "integrity": "sha512-c7fwuGAUL+6edjG7XT+fUbVPeS5e554GX0g7UmBzyKwhG5vAvApow/243xCj9Fxyc2Yk1gv7zX5rFjiK4C01iw==",
      "license": "MIT",
      "dependencies": {
        "escodegen": "^1.3.3",
        "esmangle": "^1.0.1",
        "immutable": "^2.0.17",
        "jison": "^0.4.14",
        "lex": "^1.7.6",
        "mori": "^0.2.9",
        "nomnom": "^1.8.0"
      }
    },
    "node_modules/mystmd": {
      "version": "1.4.0",
      "resolved": "https://registry.npmjs.org/mystmd/-/mystmd-1.4.0.tgz",
      "integrity": "sha512-mev8Pcuz+Ri6N3pLFzd53jmrX1QLSLc5IdS7Gcz8np7OBK7aoguUGeI/kDV6HFYkEjfeO4s9/n8ND+jJhM5SxA==",
      "license": "MIT",
      "bin": {
        "myst": "dist/myst.cjs"
      }
    },
    "node_modules/nomnom": {
      "version": "1.8.1",
      "resolved": "https://registry.npmjs.org/nomnom/-/nomnom-1.8.1.tgz",
      "integrity": "sha512-5s0JxqhDx9/rksG2BTMVN1enjWSvPidpoSgViZU4ZXULyTe+7jxcCRLB6f42Z0l1xYJpleCBtSyY6Lwg3uu5CQ==",
      "deprecated": "Package no longer supported. Contact support@npmjs.com for more info.",
      "dependencies": {
        "chalk": "~0.4.0",
        "underscore": "~1.6.0"
      }
    },
    "node_modules/optionator": {
      "version": "0.8.3",
      "resolved": "https://registry.npmjs.org/optionator/-/optionator-0.8.3.tgz",
      "integrity": "sha512-+IW9pACdk3XWmmTXG8m3upGUJst5XRGzxMRjXzAuJ1XnIFNvfhjjIuYkDvysnPQ7qzqVzLt78BCruntqRhWQbA==",
      "license": "MIT",
      "dependencies": {
        "deep-is": "~0.1.3",
        "fast-levenshtein": "~2.0.6",
        "levn": "~0.3.0",
        "prelude-ls": "~1.1.2",
        "type-check": "~0.3.2",
        "word-wrap": "~1.2.3"
      },
      "engines": {
        "node": ">= 0.8.0"
      }
    },
    "node_modules/prelude-ls": {
      "version": "1.1.2",
      "resolved": "https://registry.npmjs.org/prelude-ls/-/prelude-ls-1.1.2.tgz",
      "integrity": "sha512-ESF23V4SKG6lVSGZgYNpbsiaAkdab6ZgOxe52p7+Kid3W3u3bxR4Vfd/o21dmN7jSt0IwgZ4v5MUd26FEtXE9w==",
      "engines": {
        "node": ">= 0.8.0"
      }
    },
    "node_modules/source-map": {
      "version": "0.6.1",
      "resolved": "https://registry.npmjs.org/source-map/-/source-map-0.6.1.tgz",
      "integrity": "sha512-UjgapumWlbMhkBgzT7Ykc5YXUT46F0iKu8SGXq0bcwP5dz/h0Plj6enJqjz1Zbq2l5WaqYnrVbwWOWMyF3F47g==",
      "license": "BSD-3-Clause",
      "optional": true,
      "engines": {
        "node": ">=0.10.0"
      }
    },
    "node_modules/strip-ansi": {
      "version": "0.1.1",
      "resolved": "https://registry.npmjs.org/strip-ansi/-/strip-ansi-0.1.1.tgz",
      "integrity": "sha512-behete+3uqxecWlDAm5lmskaSaISA+ThQ4oNNBDTBJt0x2ppR6IPqfZNuj6BLaLJ/Sji4TPZlcRyOis8wXQTLg==",
      "license": "MIT",
      "bin": {
        "strip-ansi": "cli.js"
      },
      "engines": {
        "node": ">=0.8.0"
      }
    },
    "node_modules/type-check": {
      "version": "0.3.2",
      "resolved": "https://registry.npmjs.org/type-check/-/type-check-0.3.2.tgz",
      "integrity": "sha512-ZCmOJdvOWDBYJlzAoFkC+Q0+bUyEOS1ltgp1MGU03fqHG+dbi9tBFU2Rd9QKiDZFAYrhPh2JUf7rZRIuHRKtOg==",
      "license": "MIT",
      "dependencies": {
        "prelude-ls": "~1.1.2"
      },
      "engines": {
        "node": ">= 0.8.0"
      }
    },
    "node_modules/underscore": {
      "version": "1.6.0",
      "resolved": "https://registry.npmjs.org/underscore/-/underscore-1.6.0.tgz",
      "integrity": "sha512-z4o1fvKUojIWh9XuaVLUDdf86RQiq13AC1dmHbTpoyuu+bquHms76v16CjycCbec87J7z0k//SiQVk0sMdFmpQ=="
    },
    "node_modules/word-wrap": {
      "version": "1.2.5",
      "resolved": "https://registry.npmjs.org/word-wrap/-/word-wrap-1.2.5.tgz",
      "integrity": "sha512-BN22B5eaMMI9UMtjrGd5g5eCYPpCPDUy0FJXbYsaT5zYxjFOckS53SQDE3pWkVoWpHXVb3BrYcEN4Twa55B5cA==",
      "license": "MIT",
      "engines": {
        "node": ">=0.10.0"
      }
    },
    "node_modules/wordwrap": {
      "version": "0.0.3",
      "resolved": "https://registry.npmjs.org/wordwrap/-/wordwrap-0.0.3.tgz",
      "integrity": "sha512-1tMA907+V4QmxV7dbRvb4/8MaRALK6q9Abid3ndMYnbyo8piisCmeONVqVSXqQA3KaP4SLt5b7ud6E2sqP8TFw==",
      "license": "MIT",
      "engines": {
        "node": ">=0.4.0"
      }
    }
  }
}
